
Microsoft Visual Studio Solution File, Format Version 12.00
# Visual Studio 16
Project("{FAE04EC0-301F-11D3-BF4B-00C04F79EFBC}") = "Assembly-CSharp", "Assembly-CSharp.csproj", "{13C7F003-7EAF-E8E3-A94D-6B4C3A55B845}"
EndProject
Global
	GlobalSection(SolutionConfigurationPlatforms) = preSolution
		Debug|Any CPU = Debug|Any CPU
		Release|Any CPU = Release|Any CPU
	EndGlobalSection
	GlobalSection(ProjectConfigurationPlatforms) = postSolution
		{13C7F003-7EAF-E8E3-A94D-6B4C3A55B845}.Debug|Any CPU.ActiveCfg = Debug|Any CPU
		{13C7F003-7EAF-E8E3-A94D-6B4C3A55B845}.Debug|Any CPU.Build.0 = Debug|Any CPU
		{13C7F003-7EAF-E8E3-A94D-6B4C3A55B845}.Release|Any CPU.ActiveCfg = Release|Any CPU
		{13C7F003-7EAF-E8E3-A94D-6B4C3A55B845}.Release|Any CPU.Build.0 = Release|Any CPU
	EndGlobalSection
	GlobalSection(SolutionProperties) = preSolution
		HideSolutionNode = FALSE
	EndGlobalSection
EndGlobal
