
Microsoft Visual Studio Solution File, Format Version 12.00
# Visual Studio 16
Project("{FAE04EC0-301F-11D3-BF4B-00C04F79EFBC}") = "Assembly-CSharp", "Assembly-CSharp.csproj", "{F8B4FCBF-019A-D4F7-683E-8B2EEC5F33CA}"
EndProject
Project("{FAE04EC0-301F-11D3-BF4B-00C04F79EFBC}") = "Assembly-CSharp-Editor", "Assembly-CSharp-Editor.csproj", "{0256BD18-DC9F-CAFF-E66B-416C6B6513A0}"
EndProject
Global
	GlobalSection(SolutionConfigurationPlatforms) = preSolution
		Debug|Any CPU = Debug|Any CPU
		Release|Any CPU = Release|Any CPU
	EndGlobalSection
	GlobalSection(ProjectConfigurationPlatforms) = postSolution
		{F8B4FCBF-019A-D4F7-683E-8B2EEC5F33CA}.Debug|Any CPU.ActiveCfg = Debug|Any CPU
		{F8B4FCBF-019A-D4F7-683E-8B2EEC5F33CA}.Debug|Any CPU.Build.0 = Debug|Any CPU
		{F8B4FCBF-019A-D4F7-683E-8B2EEC5F33CA}.Release|Any CPU.ActiveCfg = Release|Any CPU
		{F8B4FCBF-019A-D4F7-683E-8B2EEC5F33CA}.Release|Any CPU.Build.0 = Release|Any CPU
		{0256BD18-DC9F-CAFF-E66B-416C6B6513A0}.Debug|Any CPU.ActiveCfg = Debug|Any CPU
		{0256BD18-DC9F-CAFF-E66B-416C6B6513A0}.Debug|Any CPU.Build.0 = Debug|Any CPU
		{0256BD18-DC9F-CAFF-E66B-416C6B6513A0}.Release|Any CPU.ActiveCfg = Release|Any CPU
		{0256BD18-DC9F-CAFF-E66B-416C6B6513A0}.Release|Any CPU.Build.0 = Release|Any CPU
	EndGlobalSection
	GlobalSection(SolutionProperties) = preSolution
		HideSolutionNode = FALSE
	EndGlobalSection
EndGlobal
